// !$*UTF8*$!
{
	archiveVersion = 1;
	classes = {
	};
	objectVersion = 46;
	objects = {

/* Begin PBXBuildFile section */
		1060B74A17137A0E00DC0C67 /* KeychainItemWrapper.m in Sources */ = {isa = PBXBuildFile; fileRef = 1060B74917137A0E00DC0C67 /* KeychainItemWrapper.m */; };
		1060B74C17137A7E00DC0C67 /* Security.framework in Frameworks */ = {isa = PBXBuildFile; fileRef = 1060B74B17137A7E00DC0C67 /* Security.framework */; };
		1069E00D1717CC7600840F3B /* WindowsAzureMobileServices.framework in Frameworks */ = {isa = PBXBuildFile; fileRef = 1069E00C1717CC7600840F3B /* WindowsAzureMobileServices.framework */; };
		10DFED86170C935C00B1C67A /* DeepViewController.m in Sources */ = {isa = PBXBuildFile; fileRef = 10DFED85170C935C00B1C67A /* DeepViewController.m */; };
		10DFED89170C93E400B1C67A /* DeepModalViewController.m in Sources */ = {isa = PBXBuildFile; fileRef = 10DFED88170C93E400B1C67A /* DeepModalViewController.m */; };
		10E8305A1706319D00CCB6F0 /* UIKit.framework in Frameworks */ = {isa = PBXBuildFile; fileRef = 10E830591706319D00CCB6F0 /* UIKit.framework */; };
		10E8305C1706319D00CCB6F0 /* Foundation.framework in Frameworks */ = {isa = PBXBuildFile; fileRef = 10E8305B1706319D00CCB6F0 /* Foundation.framework */; };
		10E8305E1706319D00CCB6F0 /* CoreGraphics.framework in Frameworks */ = {isa = PBXBuildFile; fileRef = 10E8305D1706319D00CCB6F0 /* CoreGraphics.framework */; };
		10E830641706319D00CCB6F0 /* InfoPlist.strings in Resources */ = {isa = PBXBuildFile; fileRef = 10E830621706319D00CCB6F0 /* InfoPlist.strings */; };
		10E830661706319D00CCB6F0 /* main.m in Sources */ = {isa = PBXBuildFile; fileRef = 10E830651706319D00CCB6F0 /* main.m */; };
		10E8306A1706319D00CCB6F0 /* AppDelegate.m in Sources */ = {isa = PBXBuildFile; fileRef = 10E830691706319D00CCB6F0 /* AppDelegate.m */; };
		10E8306C1706319D00CCB6F0 /* Default.png in Resources */ = {isa = PBXBuildFile; fileRef = 10E8306B1706319D00CCB6F0 /* Default.png */; };
		10E8306E1706319D00CCB6F0 /* Default@2x.png in Resources */ = {isa = PBXBuildFile; fileRef = 10E8306D1706319D00CCB6F0 /* Default@2x.png */; };
		10E830701706319D00CCB6F0 /* Default-568h@2x.png in Resources */ = {isa = PBXBuildFile; fileRef = 10E8306F1706319D00CCB6F0 /* Default-568h@2x.png */; };
		10E830731706319D00CCB6F0 /* MainStoryboard.storyboard in Resources */ = {isa = PBXBuildFile; fileRef = 10E830711706319D00CCB6F0 /* MainStoryboard.storyboard */; };
		10E830761706319D00CCB6F0 /* ViewController.m in Sources */ = {isa = PBXBuildFile; fileRef = 10E830751706319D00CCB6F0 /* ViewController.m */; };
		10E83080170A0A7500CCB6F0 /* AuthService.m in Sources */ = {isa = PBXBuildFile; fileRef = 10E8307F170A0A7500CCB6F0 /* AuthService.m */; };
		10E8308A170A136F00CCB6F0 /* facebook-login-button.png in Resources */ = {isa = PBXBuildFile; fileRef = 10E83082170A136F00CCB6F0 /* facebook-login-button.png */; };
		10E8308B170A136F00CCB6F0 /* facebook-login-button@2x.png in Resources */ = {isa = PBXBuildFile; fileRef = 10E83083170A136F00CCB6F0 /* facebook-login-button@2x.png */; };
		10E8308C170A136F00CCB6F0 /* google-signin-button.png in Resources */ = {isa = PBXBuildFile; fileRef = 10E83084170A136F00CCB6F0 /* google-signin-button.png */; };
		10E8308D170A136F00CCB6F0 /* google-signin-button@2x.png in Resources */ = {isa = PBXBuildFile; fileRef = 10E83085170A136F00CCB6F0 /* google-signin-button@2x.png */; };
		10E8308E170A136F00CCB6F0 /* microsoft-login-button.png in Resources */ = {isa = PBXBuildFile; fileRef = 10E83086170A136F00CCB6F0 /* microsoft-login-button.png */; };
		10E8308F170A136F00CCB6F0 /* microsoft-login-button@2x.png in Resources */ = {isa = PBXBuildFile; fileRef = 10E83087170A136F00CCB6F0 /* microsoft-login-button@2x.png */; };
		10E83090170A136F00CCB6F0 /* twitter_blue_sign_in.png in Resources */ = {isa = PBXBuildFile; fileRef = 10E83088170A136F00CCB6F0 /* twitter_blue_sign_in.png */; };
		10E83091170A136F00CCB6F0 /* twitter_blue_sign_in@2x.png in Resources */ = {isa = PBXBuildFile; fileRef = 10E83089170A136F00CCB6F0 /* twitter_blue_sign_in@2x.png */; };
		10E83094170A1D8200CCB6F0 /* LoggedInViewController.m in Sources */ = {isa = PBXBuildFile; fileRef = 10E83093170A1D8200CCB6F0 /* LoggedInViewController.m */; };
		10E83097170B792F00CCB6F0 /* CustomLoginViewController.m in Sources */ = {isa = PBXBuildFile; fileRef = 10E83096170B792F00CCB6F0 /* CustomLoginViewController.m */; };
		10E8309A170B7B4400CCB6F0 /* RegisterAccountViewController.m in Sources */ = {isa = PBXBuildFile; fileRef = 10E83099170B7B4400CCB6F0 /* RegisterAccountViewController.m */; };
		AF8995B31AD4684E00F3BBE9 /* WindowsAzureMessaging.framework in Frameworks */ = {isa = PBXBuildFile; fileRef = AF8995B21AD4684E00F3BBE9 /* WindowsAzureMessaging.framework */; };
/* End PBXBuildFile section */

/* Begin PBXFileReference section */
		1060B74817137A0E00DC0C67 /* KeychainItemWrapper.h */ = {isa = PBXFileReference; fileEncoding = 4; lastKnownFileType = sourcecode.c.h; path = KeychainItemWrapper.h; sourceTree = "<group>"; };
		1060B74917137A0E00DC0C67 /* KeychainItemWrapper.m */ = {isa = PBXFileReference; fileEncoding = 4; lastKnownFileType = sourcecode.c.objc; path = KeychainItemWrapper.m; sourceTree = "<group>"; };
		1060B74B17137A7E00DC0C67 /* Security.framework */ = {isa = PBXFileReference; lastKnownFileType = wrapper.framework; name = Security.framework; path = System/Library/Frameworks/Security.framework; sourceTree = SDKROOT; };
		1069E00C1717CC7600840F3B /* WindowsAzureMobileServices.framework */ = {isa = PBXFileReference; lastKnownFileType = wrapper.framework; path = WindowsAzureMobileServices.framework; sourceTree = "<group>"; };
		10DFED84170C935C00B1C67A /* DeepViewController.h */ = {isa = PBXFileReference; fileEncoding = 4; lastKnownFileType = sourcecode.c.h; path = DeepViewController.h; sourceTree = "<group>"; };
		10DFED85170C935C00B1C67A /* DeepViewController.m */ = {isa = PBXFileReference; fileEncoding = 4; lastKnownFileType = sourcecode.c.objc; path = DeepViewController.m; sourceTree = "<group>"; };
		10DFED87170C93E400B1C67A /* DeepModalViewController.h */ = {isa = PBXFileReference; fileEncoding = 4; lastKnownFileType = sourcecode.c.h; path = DeepModalViewController.h; sourceTree = "<group>"; };
		10DFED88170C93E400B1C67A /* DeepModalViewController.m */ = {isa = PBXFileReference; fileEncoding = 4; lastKnownFileType = sourcecode.c.objc; path = DeepModalViewController.m; sourceTree = "<group>"; };
		10E830561706319D00CCB6F0 /* Authentication.app */ = {isa = PBXFileReference; explicitFileType = wrapper.application; includeInIndex = 0; path = Authentication.app; sourceTree = BUILT_PRODUCTS_DIR; };
		10E830591706319D00CCB6F0 /* UIKit.framework */ = {isa = PBXFileReference; lastKnownFileType = wrapper.framework; name = UIKit.framework; path = System/Library/Frameworks/UIKit.framework; sourceTree = SDKROOT; };
		10E8305B1706319D00CCB6F0 /* Foundation.framework */ = {isa = PBXFileReference; lastKnownFileType = wrapper.framework; name = Foundation.framework; path = System/Library/Frameworks/Foundation.framework; sourceTree = SDKROOT; };
		10E8305D1706319D00CCB6F0 /* CoreGraphics.framework */ = {isa = PBXFileReference; lastKnownFileType = wrapper.framework; name = CoreGraphics.framework; path = System/Library/Frameworks/CoreGraphics.framework; sourceTree = SDKROOT; };
		10E830611706319D00CCB6F0 /* Authentication-Info.plist */ = {isa = PBXFileReference; lastKnownFileType = text.plist.xml; path = "Authentication-Info.plist"; sourceTree = "<group>"; };
		10E830631706319D00CCB6F0 /* en */ = {isa = PBXFileReference; lastKnownFileType = text.plist.strings; name = en; path = en.lproj/InfoPlist.strings; sourceTree = "<group>"; };
		10E830651706319D00CCB6F0 /* main.m */ = {isa = PBXFileReference; lastKnownFileType = sourcecode.c.objc; path = main.m; sourceTree = "<group>"; };
		10E830671706319D00CCB6F0 /* Authentication-Prefix.pch */ = {isa = PBXFileReference; lastKnownFileType = sourcecode.c.h; path = "Authentication-Prefix.pch"; sourceTree = "<group>"; };
		10E830681706319D00CCB6F0 /* AppDelegate.h */ = {isa = PBXFileReference; lastKnownFileType = sourcecode.c.h; path = AppDelegate.h; sourceTree = "<group>"; };
		10E830691706319D00CCB6F0 /* AppDelegate.m */ = {isa = PBXFileReference; lastKnownFileType = sourcecode.c.objc; path = AppDelegate.m; sourceTree = "<group>"; };
		10E8306B1706319D00CCB6F0 /* Default.png */ = {isa = PBXFileReference; lastKnownFileType = image.png; path = Default.png; sourceTree = "<group>"; };
		10E8306D1706319D00CCB6F0 /* Default@2x.png */ = {isa = PBXFileReference; lastKnownFileType = image.png; path = "Default@2x.png"; sourceTree = "<group>"; };
		10E8306F1706319D00CCB6F0 /* Default-568h@2x.png */ = {isa = PBXFileReference; lastKnownFileType = image.png; path = "Default-568h@2x.png"; sourceTree = "<group>"; };
		10E830721706319D00CCB6F0 /* en */ = {isa = PBXFileReference; lastKnownFileType = file.storyboard; name = en; path = en.lproj/MainStoryboard.storyboard; sourceTree = "<group>"; };
		10E830741706319D00CCB6F0 /* ViewController.h */ = {isa = PBXFileReference; lastKnownFileType = sourcecode.c.h; path = ViewController.h; sourceTree = "<group>"; };
		10E830751706319D00CCB6F0 /* ViewController.m */ = {isa = PBXFileReference; lastKnownFileType = sourcecode.c.objc; path = ViewController.m; sourceTree = "<group>"; };
		10E8307E170A0A7500CCB6F0 /* AuthService.h */ = {isa = PBXFileReference; fileEncoding = 4; lastKnownFileType = sourcecode.c.h; path = AuthService.h; sourceTree = "<group>"; };
		10E8307F170A0A7500CCB6F0 /* AuthService.m */ = {isa = PBXFileReference; fileEncoding = 4; lastKnownFileType = sourcecode.c.objc; path = AuthService.m; sourceTree = "<group>"; };
		10E83082170A136F00CCB6F0 /* facebook-login-button.png */ = {isa = PBXFileReference; lastKnownFileType = image.png; name = "facebook-login-button.png"; path = "Resources/facebook-login-button.png"; sourceTree = "<group>"; };
		10E83083170A136F00CCB6F0 /* facebook-login-button@2x.png */ = {isa = PBXFileReference; lastKnownFileType = image.png; name = "facebook-login-button@2x.png"; path = "Resources/facebook-login-button@2x.png"; sourceTree = "<group>"; };
		10E83084170A136F00CCB6F0 /* google-signin-button.png */ = {isa = PBXFileReference; lastKnownFileType = image.png; name = "google-signin-button.png"; path = "Resources/google-signin-button.png"; sourceTree = "<group>"; };
		10E83085170A136F00CCB6F0 /* google-signin-button@2x.png */ = {isa = PBXFileReference; lastKnownFileType = image.png; name = "google-signin-button@2x.png"; path = "Resources/google-signin-button@2x.png"; sourceTree = "<group>"; };
		10E83086170A136F00CCB6F0 /* microsoft-login-button.png */ = {isa = PBXFileReference; lastKnownFileType = image.png; name = "microsoft-login-button.png"; path = "Resources/microsoft-login-button.png"; sourceTree = "<group>"; };
		10E83087170A136F00CCB6F0 /* microsoft-login-button@2x.png */ = {isa = PBXFileReference; lastKnownFileType = image.png; name = "microsoft-login-button@2x.png"; path = "Resources/microsoft-login-button@2x.png"; sourceTree = "<group>"; };
		10E83088170A136F00CCB6F0 /* twitter_blue_sign_in.png */ = {isa = PBXFileReference; lastKnownFileType = image.png; name = twitter_blue_sign_in.png; path = Resources/twitter_blue_sign_in.png; sourceTree = "<group>"; };
		10E83089170A136F00CCB6F0 /* twitter_blue_sign_in@2x.png */ = {isa = PBXFileReference; lastKnownFileType = image.png; name = "twitter_blue_sign_in@2x.png"; path = "Resources/twitter_blue_sign_in@2x.png"; sourceTree = "<group>"; };
		10E83092170A1D8200CCB6F0 /* LoggedInViewController.h */ = {isa = PBXFileReference; fileEncoding = 4; lastKnownFileType = sourcecode.c.h; path = LoggedInViewController.h; sourceTree = "<group>"; };
		10E83093170A1D8200CCB6F0 /* LoggedInViewController.m */ = {isa = PBXFileReference; fileEncoding = 4; lastKnownFileType = sourcecode.c.objc; path = LoggedInViewController.m; sourceTree = "<group>"; };
		10E83095170B792F00CCB6F0 /* CustomLoginViewController.h */ = {isa = PBXFileReference; fileEncoding = 4; lastKnownFileType = sourcecode.c.h; path = CustomLoginViewController.h; sourceTree = "<group>"; };
		10E83096170B792F00CCB6F0 /* CustomLoginViewController.m */ = {isa = PBXFileReference; fileEncoding = 4; lastKnownFileType = sourcecode.c.objc; path = CustomLoginViewController.m; sourceTree = "<group>"; };
		10E83098170B7B4400CCB6F0 /* RegisterAccountViewController.h */ = {isa = PBXFileReference; fileEncoding = 4; lastKnownFileType = sourcecode.c.h; path = RegisterAccountViewController.h; sourceTree = "<group>"; };
		10E83099170B7B4400CCB6F0 /* RegisterAccountViewController.m */ = {isa = PBXFileReference; fileEncoding = 4; lastKnownFileType = sourcecode.c.objc; path = RegisterAccountViewController.m; sourceTree = "<group>"; };
		AF8995B21AD4684E00F3BBE9 /* WindowsAzureMessaging.framework */ = {isa = PBXFileReference; lastKnownFileType = wrapper.framework; path = WindowsAzureMessaging.framework; sourceTree = "<group>"; };
/* End PBXFileReference section */

/* Begin PBXFrameworksBuildPhase section */
		10E830531706319D00CCB6F0 /* Frameworks */ = {
			isa = PBXFrameworksBuildPhase;
			buildActionMask = 2147483647;
			files = (
				1060B74C17137A7E00DC0C67 /* Security.framework in Frameworks */,
				10E8305A1706319D00CCB6F0 /* UIKit.framework in Frameworks */,
				10E8305C1706319D00CCB6F0 /* Foundation.framework in Frameworks */,
				10E8305E1706319D00CCB6F0 /* CoreGraphics.framework in Frameworks */,
				1069E00D1717CC7600840F3B /* WindowsAzureMobileServices.framework in Frameworks */,
				AF8995B31AD4684E00F3BBE9 /* WindowsAzureMessaging.framework in Frameworks */,
			);
			runOnlyForDeploymentPostprocessing = 0;
		};
/* End PBXFrameworksBuildPhase section */

/* Begin PBXGroup section */
		10E8304D1706319D00CCB6F0 = {
			isa = PBXGroup;
			children = (
				10E8305F1706319D00CCB6F0 /* Authentication */,
				10E830581706319D00CCB6F0 /* Frameworks */,
				10E830571706319D00CCB6F0 /* Products */,
			);
			sourceTree = "<group>";
		};
		10E830571706319D00CCB6F0 /* Products */ = {
			isa = PBXGroup;
			children = (
				10E830561706319D00CCB6F0 /* Authentication.app */,
			);
			name = Products;
			sourceTree = "<group>";
		};
		10E830581706319D00CCB6F0 /* Frameworks */ = {
			isa = PBXGroup;
			children = (
				AF8995B21AD4684E00F3BBE9 /* WindowsAzureMessaging.framework */,
				1069E00C1717CC7600840F3B /* WindowsAzureMobileServices.framework */,
				1060B74B17137A7E00DC0C67 /* Security.framework */,
				10E830591706319D00CCB6F0 /* UIKit.framework */,
				10E8305B1706319D00CCB6F0 /* Foundation.framework */,
				10E8305D1706319D00CCB6F0 /* CoreGraphics.framework */,
			);
			name = Frameworks;
			sourceTree = "<group>";
		};
		10E8305F1706319D00CCB6F0 /* Authentication */ = {
			isa = PBXGroup;
			children = (
				10E83081170A130E00CCB6F0 /* Resources */,
				10E830681706319D00CCB6F0 /* AppDelegate.h */,
				10E830691706319D00CCB6F0 /* AppDelegate.m */,
				10E830711706319D00CCB6F0 /* MainStoryboard.storyboard */,
				10E830741706319D00CCB6F0 /* ViewController.h */,
				10E830751706319D00CCB6F0 /* ViewController.m */,
				10E830601706319D00CCB6F0 /* Supporting Files */,
				10E8307E170A0A7500CCB6F0 /* AuthService.h */,
				10E8307F170A0A7500CCB6F0 /* AuthService.m */,
				10E83092170A1D8200CCB6F0 /* LoggedInViewController.h */,
				10E83093170A1D8200CCB6F0 /* LoggedInViewController.m */,
				10E83095170B792F00CCB6F0 /* CustomLoginViewController.h */,
				10E83096170B792F00CCB6F0 /* CustomLoginViewController.m */,
				10E83098170B7B4400CCB6F0 /* RegisterAccountViewController.h */,
				10E83099170B7B4400CCB6F0 /* RegisterAccountViewController.m */,
				10DFED84170C935C00B1C67A /* DeepViewController.h */,
				10DFED85170C935C00B1C67A /* DeepViewController.m */,
				10DFED87170C93E400B1C67A /* DeepModalViewController.h */,
				10DFED88170C93E400B1C67A /* DeepModalViewController.m */,
				1060B74817137A0E00DC0C67 /* KeychainItemWrapper.h */,
				1060B74917137A0E00DC0C67 /* KeychainItemWrapper.m */,
			);
			path = Authentication;
			sourceTree = "<group>";
		};
		10E830601706319D00CCB6F0 /* Supporting Files */ = {
			isa = PBXGroup;
			children = (
				10E830611706319D00CCB6F0 /* Authentication-Info.plist */,
				10E830621706319D00CCB6F0 /* InfoPlist.strings */,
				10E830651706319D00CCB6F0 /* main.m */,
				10E830671706319D00CCB6F0 /* Authentication-Prefix.pch */,
				10E8306B1706319D00CCB6F0 /* Default.png */,
				10E8306D1706319D00CCB6F0 /* Default@2x.png */,
				10E8306F1706319D00CCB6F0 /* Default-568h@2x.png */,
			);
			name = "Supporting Files";
			sourceTree = "<group>";
		};
		10E83081170A130E00CCB6F0 /* Resources */ = {
			isa = PBXGroup;
			children = (
				10E83082170A136F00CCB6F0 /* facebook-login-button.png */,
				10E83083170A136F00CCB6F0 /* facebook-login-button@2x.png */,
				10E83084170A136F00CCB6F0 /* google-signin-button.png */,
				10E83085170A136F00CCB6F0 /* google-signin-button@2x.png */,
				10E83086170A136F00CCB6F0 /* microsoft-login-button.png */,
				10E83087170A136F00CCB6F0 /* microsoft-login-button@2x.png */,
				10E83088170A136F00CCB6F0 /* twitter_blue_sign_in.png */,
				10E83089170A136F00CCB6F0 /* twitter_blue_sign_in@2x.png */,
			);
			name = Resources;
			sourceTree = "<group>";
		};
/* End PBXGroup section */

/* Begin PBXNativeTarget section */
		10E830551706319D00CCB6F0 /* Authentication */ = {
			isa = PBXNativeTarget;
			buildConfigurationList = 10E830791706319D00CCB6F0 /* Build configuration list for PBXNativeTarget "Authentication" */;
			buildPhases = (
				10E830521706319D00CCB6F0 /* Sources */,
				10E830531706319D00CCB6F0 /* Frameworks */,
				10E830541706319D00CCB6F0 /* Resources */,
			);
			buildRules = (
			);
			dependencies = (
			);
			name = Authentication;
			productName = Authentication;
			productReference = 10E830561706319D00CCB6F0 /* Authentication.app */;
			productType = "com.apple.product-type.application";
		};
/* End PBXNativeTarget section */

/* Begin PBXProject section */
		10E8304E1706319D00CCB6F0 /* Project object */ = {
			isa = PBXProject;
			attributes = {
				LastUpgradeCheck = 0460;
				ORGANIZATIONNAME = "Microsoft DPE";
				TargetAttributes = {
					10E830551706319D00CCB6F0 = {
						DevelopmentTeam = RJM8E87TN3;
					};
				};
			};
			buildConfigurationList = 10E830511706319D00CCB6F0 /* Build configuration list for PBXProject "Authentication" */;
			compatibilityVersion = "Xcode 3.2";
			developmentRegion = English;
			hasScannedForEncodings = 0;
			knownRegions = (
				en,
			);
			mainGroup = 10E8304D1706319D00CCB6F0;
			productRefGroup = 10E830571706319D00CCB6F0 /* Products */;
			projectDirPath = "";
			projectRoot = "";
			targets = (
				10E830551706319D00CCB6F0 /* Authentication */,
			);
		};
/* End PBXProject section */

/* Begin PBXResourcesBuildPhase section */
		10E830541706319D00CCB6F0 /* Resources */ = {
			isa = PBXResourcesBuildPhase;
			buildActionMask = 2147483647;
			files = (
				10E830641706319D00CCB6F0 /* InfoPlist.strings in Resources */,
				10E8306C1706319D00CCB6F0 /* Default.png in Resources */,
				10E8306E1706319D00CCB6F0 /* Default@2x.png in Resources */,
				10E830701706319D00CCB6F0 /* Default-568h@2x.png in Resources */,
				10E830731706319D00CCB6F0 /* MainStoryboard.storyboard in Resources */,
				10E8308A170A136F00CCB6F0 /* facebook-login-button.png in Resources */,
				10E8308B170A136F00CCB6F0 /* facebook-login-button@2x.png in Resources */,
				10E8308C170A136F00CCB6F0 /* google-signin-button.png in Resources */,
				10E8308D170A136F00CCB6F0 /* google-signin-button@2x.png in Resources */,
				10E8308E170A136F00CCB6F0 /* microsoft-login-button.png in Resources */,
				10E8308F170A136F00CCB6F0 /* microsoft-login-button@2x.png in Resources */,
				10E83090170A136F00CCB6F0 /* twitter_blue_sign_in.png in Resources */,
				10E83091170A136F00CCB6F0 /* twitter_blue_sign_in@2x.png in Resources */,
			);
			runOnlyForDeploymentPostprocessing = 0;
		};
/* End PBXResourcesBuildPhase section */

/* Begin PBXSourcesBuildPhase section */
		10E830521706319D00CCB6F0 /* Sources */ = {
			isa = PBXSourcesBuildPhase;
			buildActionMask = 2147483647;
			files = (
				10E830661706319D00CCB6F0 /* main.m in Sources */,
				10E8306A1706319D00CCB6F0 /* AppDelegate.m in Sources */,
				10E830761706319D00CCB6F0 /* ViewController.m in Sources */,
				10E83080170A0A7500CCB6F0 /* AuthService.m in Sources */,
				10E83094170A1D8200CCB6F0 /* LoggedInViewController.m in Sources */,
				10E83097170B792F00CCB6F0 /* CustomLoginViewController.m in Sources */,
				10E8309A170B7B4400CCB6F0 /* RegisterAccountViewController.m in Sources */,
				10DFED86170C935C00B1C67A /* DeepViewController.m in Sources */,
				10DFED89170C93E400B1C67A /* DeepModalViewController.m in Sources */,
				1060B74A17137A0E00DC0C67 /* KeychainItemWrapper.m in Sources */,
			);
			runOnlyForDeploymentPostprocessing = 0;
		};
/* End PBXSourcesBuildPhase section */

/* Begin PBXVariantGroup section */
		10E830621706319D00CCB6F0 /* InfoPlist.strings */ = {
			isa = PBXVariantGroup;
			children = (
				10E830631706319D00CCB6F0 /* en */,
			);
			name = InfoPlist.strings;
			sourceTree = "<group>";
		};
		10E830711706319D00CCB6F0 /* MainStoryboard.storyboard */ = {
			isa = PBXVariantGroup;
			children = (
				10E830721706319D00CCB6F0 /* en */,
			);
			name = MainStoryboard.storyboard;
			sourceTree = "<group>";
		};
/* End PBXVariantGroup section */

/* Begin XCBuildConfiguration section */
		10E830771706319D00CCB6F0 /* Debug */ = {
			isa = XCBuildConfiguration;
			buildSettings = {
				ALWAYS_SEARCH_USER_PATHS = NO;
				CLANG_CXX_LANGUAGE_STANDARD = "gnu++0x";
				CLANG_CXX_LIBRARY = "libc++";
				CLANG_ENABLE_OBJC_ARC = YES;
				CLANG_WARN_CONSTANT_CONVERSION = YES;
				CLANG_WARN_EMPTY_BODY = YES;
				CLANG_WARN_ENUM_CONVERSION = YES;
				CLANG_WARN_INT_CONVERSION = YES;
				CLANG_WARN__DUPLICATE_METHOD_MATCH = YES;
				"CODE_SIGN_IDENTITY[sdk=iphoneos*]" = "iPhone Developer";
				COPY_PHASE_STRIP = NO;
				GCC_C_LANGUAGE_STANDARD = gnu99;
				GCC_DYNAMIC_NO_PIC = NO;
				GCC_OPTIMIZATION_LEVEL = 0;
				GCC_PREPROCESSOR_DEFINITIONS = (
					"DEBUG=1",
					"$(inherited)",
				);
				GCC_SYMBOLS_PRIVATE_EXTERN = NO;
				GCC_WARN_ABOUT_RETURN_TYPE = YES;
				GCC_WARN_UNINITIALIZED_AUTOS = YES;
				GCC_WARN_UNUSED_VARIABLE = YES;
				IPHONEOS_DEPLOYMENT_TARGET = 6.1;
				ONLY_ACTIVE_ARCH = YES;
				SDKROOT = iphoneos;
			};
			name = Debug;
		};
		10E830781706319D00CCB6F0 /* Release */ = {
			isa = XCBuildConfiguration;
			buildSettings = {
				ALWAYS_SEARCH_USER_PATHS = NO;
				CLANG_CXX_LANGUAGE_STANDARD = "gnu++0x";
				CLANG_CXX_LIBRARY = "libc++";
				CLANG_ENABLE_OBJC_ARC = YES;
				CLANG_WARN_CONSTANT_CONVERSION = YES;
				CLANG_WARN_EMPTY_BODY = YES;
				CLANG_WARN_ENUM_CONVERSION = YES;
				CLANG_WARN_INT_CONVERSION = YES;
				CLANG_WARN__DUPLICATE_METHOD_MATCH = YES;
				"CODE_SIGN_IDENTITY[sdk=iphoneos*]" = "iPhone Developer";
				COPY_PHASE_STRIP = YES;
				GCC_C_LANGUAGE_STANDARD = gnu99;
				GCC_WARN_ABOUT_RETURN_TYPE = YES;
				GCC_WARN_UNINITIALIZED_AUTOS = YES;
				GCC_WARN_UNUSED_VARIABLE = YES;
				IPHONEOS_DEPLOYMENT_TARGET = 6.1;
				OTHER_CFLAGS = "-DNS_BLOCK_ASSERTIONS=1";
				SDKROOT = iphoneos;
				VALIDATE_PRODUCT = YES;
			};
			name = Release;
		};
		10E8307A1706319D00CCB6F0 /* Debug */ = {
			isa = XCBuildConfiguration;
			buildSettings = {
				CODE_SIGN_IDENTITY = "iPhone Developer";
				"CODE_SIGN_IDENTITY[sdk=iphoneos*]" = "iPhone Developer";
				FRAMEWORK_SEARCH_PATHS = (
					"$(inherited)",
					"$(SRCROOT)",
					"$(PROJECT_DIR)",
				);
				GCC_PRECOMPILE_PREFIX_HEADER = YES;
				GCC_PREFIX_HEADER = "Authentication/Authentication-Prefix.pch";
				INFOPLIST_FILE = "Authentication/Authentication-Info.plist";
				PRODUCT_NAME = "$(TARGET_NAME)";
				PROVISIONING_PROFILE = "";
				WRAPPER_EXTENSION = app;
			};
			name = Debug;
		};
		10E8307B1706319D00CCB6F0 /* Release */ = {
			isa = XCBuildConfiguration;
			buildSettings = {
				CODE_SIGN_IDENTITY = "iPhone Developer";
				"CODE_SIGN_IDENTITY[sdk=iphoneos*]" = "iPhone Developer";
				FRAMEWORK_SEARCH_PATHS = (
					"$(inherited)",
					"$(SRCROOT)",
					"$(PROJECT_DIR)",
				);
				GCC_PRECOMPILE_PREFIX_HEADER = YES;
				GCC_PREFIX_HEADER = "Authentication/Authentication-Prefix.pch";
				INFOPLIST_FILE = "Authentication/Authentication-Info.plist";
				PRODUCT_NAME = "$(TARGET_NAME)";
				PROVISIONING_PROFILE = "";
				WRAPPER_EXTENSION = app;
			};
			name = Release;
		};
/* End XCBuildConfiguration section */

/* Begin XCConfigurationList section */
		10E830511706319D00CCB6F0 /* Build configuration list for PBXProject "Authentication" */ = {
			isa = XCConfigurationList;
			buildConfigurations = (
				10E830771706319D00CCB6F0 /* Debug */,
				10E830781706319D00CCB6F0 /* Release */,
			);
			defaultConfigurationIsVisible = 0;
			defaultConfigurationName = Release;
		};
		10E830791706319D00CCB6F0 /* Build configuration list for PBXNativeTarget "Authentication" */ = {
			isa = XCConfigurationList;
			buildConfigurations = (
				10E8307A1706319D00CCB6F0 /* Debug */,
				10E8307B1706319D00CCB6F0 /* Release */,
			);
			defaultConfigurationIsVisible = 0;
			defaultConfigurationName = Release;
		};
/* End XCConfigurationList section */
	};
	rootObject = 10E8304E1706319D00CCB6F0 /* Project object */;
}
